// !$*UTF8*$!
{
	archiveVersion = 1;
	classes = {
	};
	objectVersion = 50;
	objects = {

/* Begin PBXBuildFile section */
		061E271D217F0C53003595D6 /* QiCalculateViewController.m in Sources */ = {isa = PBXBuildFile; fileRef = 061E271C217F0C53003595D6 /* QiCalculateViewController.m */; };
		06371819217DE33A004FE349 /* AppDelegate.m in Sources */ = {isa = PBXBuildFile; fileRef = 06371818217DE33A004FE349 /* AppDelegate.m */; };
		0637181C217DE33A004FE349 /* ViewController.m in Sources */ = {isa = PBXBuildFile; fileRef = 0637181B217DE33A004FE349 /* ViewController.m */; };
		0637181F217DE33A004FE349 /* Main.storyboard in Resources */ = {isa = PBXBuildFile; fileRef = 0637181D217DE33A004FE349 /* Main.storyboard */; };
		06371821217DE33D004FE349 /* Assets.xcassets in Resources */ = {isa = PBXBuildFile; fileRef = 06371820217DE33D004FE349 /* Assets.xcassets */; };
		06371824217DE33D004FE349 /* LaunchScreen.storyboard in Resources */ = {isa = PBXBuildFile; fileRef = 06371822217DE33D004FE349 /* LaunchScreen.storyboard */; };
		06371827217DE33D004FE349 /* main.m in Sources */ = {isa = PBXBuildFile; fileRef = 06371826217DE33D004FE349 /* main.m */; };
		0665FC622180183A0036C5C1 /* QiCalculate.storyboard in Resources */ = {isa = PBXBuildFile; fileRef = 0665FC602180183A0036C5C1 /* QiCalculate.storyboard */; };
		0665FC65218022180036C5C1 /* QiGuessWords.m in Sources */ = {isa = PBXBuildFile; fileRef = 0665FC64218022180036C5C1 /* QiGuessWords.m */; };
/* End PBXBuildFile section */

/* Begin PBXFileReference section */
		061E271B217F0C53003595D6 /* QiCalculateViewController.h */ = {isa = PBXFileReference; lastKnownFileType = sourcecode.c.h; path = QiCalculateViewController.h; sourceTree = "<group>"; };
		061E271C217F0C53003595D6 /* QiCalculateViewController.m */ = {isa = PBXFileReference; lastKnownFileType = sourcecode.c.objc; path = QiCalculateViewController.m; sourceTree = "<group>"; };
		06371814217DE33A004FE349 /* QiGames.app */ = {isa = PBXFileReference; explicitFileType = wrapper.application; includeInIndex = 0; path = QiGames.app; sourceTree = BUILT_PRODUCTS_DIR; };
		06371817217DE33A004FE349 /* AppDelegate.h */ = {isa = PBXFileReference; lastKnownFileType = sourcecode.c.h; path = AppDelegate.h; sourceTree = "<group>"; };
		06371818217DE33A004FE349 /* AppDelegate.m */ = {isa = PBXFileReference; lastKnownFileType = sourcecode.c.objc; path = AppDelegate.m; sourceTree = "<group>"; };
		0637181A217DE33A004FE349 /* ViewController.h */ = {isa = PBXFileReference; lastKnownFileType = sourcecode.c.h; path = ViewController.h; sourceTree = "<group>"; };
		0637181B217DE33A004FE349 /* ViewController.m */ = {isa = PBXFileReference; lastKnownFileType = sourcecode.c.objc; path = ViewController.m; sourceTree = "<group>"; };
		0637181E217DE33A004FE349 /* Base */ = {isa = PBXFileReference; lastKnownFileType = file.storyboard; name = Base; path = Base.lproj/Main.storyboard; sourceTree = "<group>"; };
		06371820217DE33D004FE349 /* Assets.xcassets */ = {isa = PBXFileReference; lastKnownFileType = folder.assetcatalog; path = Assets.xcassets; sourceTree = "<group>"; };
		06371823217DE33D004FE349 /* Base */ = {isa = PBXFileReference; lastKnownFileType = file.storyboard; name = Base; path = Base.lproj/LaunchScreen.storyboard; sourceTree = "<group>"; };
		06371825217DE33D004FE349 /* Info.plist */ = {isa = PBXFileReference; lastKnownFileType = text.plist.xml; path = Info.plist; sourceTree = "<group>"; };
		06371826217DE33D004FE349 /* main.m */ = {isa = PBXFileReference; lastKnownFileType = sourcecode.c.objc; path = main.m; sourceTree = "<group>"; };
		0665FC612180183A0036C5C1 /* Base */ = {isa = PBXFileReference; lastKnownFileType = file.storyboard; name = Base; path = QiGames/Base.lproj/QiCalculate.storyboard; sourceTree = "<group>"; };
		0665FC63218022180036C5C1 /* QiGuessWords.h */ = {isa = PBXFileReference; lastKnownFileType = sourcecode.c.h; path = QiGuessWords.h; sourceTree = "<group>"; };
		0665FC64218022180036C5C1 /* QiGuessWords.m */ = {isa = PBXFileReference; lastKnownFileType = sourcecode.c.objc; path = QiGuessWords.m; sourceTree = "<group>"; };
/* End PBXFileReference section */

/* Begin PBXFrameworksBuildPhase section */
		06371811217DE33A004FE349 /* Frameworks */ = {
			isa = PBXFrameworksBuildPhase;
			buildActionMask = 2147483647;
			files = (
			);
			runOnlyForDeploymentPostprocessing = 0;
		};
/* End PBXFrameworksBuildPhase section */

/* Begin PBXGroup section */
		0637180B217DE33A004FE349 = {
			isa = PBXGroup;
			children = (
				0665FC602180183A0036C5C1 /* QiCalculate.storyboard */,
				06371816217DE33A004FE349 /* QiGames */,
				06371815217DE33A004FE349 /* Products */,
			);
			sourceTree = "<group>";
		};
		06371815217DE33A004FE349 /* Products */ = {
			isa = PBXGroup;
			children = (
				06371814217DE33A004FE349 /* QiGames.app */,
			);
			name = Products;
			sourceTree = "<group>";
		};
		06371816217DE33A004FE349 /* QiGames */ = {
			isa = PBXGroup;
			children = (
				06371817217DE33A004FE349 /* AppDelegate.h */,
				06371818217DE33A004FE349 /* AppDelegate.m */,
				0637181A217DE33A004FE349 /* ViewController.h */,
				0637181B217DE33A004FE349 /* ViewController.m */,
				061E271B217F0C53003595D6 /* QiCalculateViewController.h */,
				061E271C217F0C53003595D6 /* QiCalculateViewController.m */,
				0665FC63218022180036C5C1 /* QiGuessWords.h */,
				0665FC64218022180036C5C1 /* QiGuessWords.m */,
				0637181D217DE33A004FE349 /* Main.storyboard */,
				06371820217DE33D004FE349 /* Assets.xcassets */,
				06371822217DE33D004FE349 /* LaunchScreen.storyboard */,
				06371825217DE33D004FE349 /* Info.plist */,
				06371826217DE33D004FE349 /* main.m */,
			);
			path = QiGames;
			sourceTree = "<group>";
		};
/* End PBXGroup section */

/* Begin PBXNativeTarget section */
		06371813217DE33A004FE349 /* QiGames */ = {
			isa = PBXNativeTarget;
			buildConfigurationList = 0637182A217DE33D004FE349 /* Build configuration list for PBXNativeTarget "QiGames" */;
			buildPhases = (
				06371810217DE33A004FE349 /* Sources */,
				06371811217DE33A004FE349 /* Frameworks */,
				06371812217DE33A004FE349 /* Resources */,
			);
			buildRules = (
			);
			dependencies = (
			);
			name = QiGames;
			productName = QiGames;
			productReference = 06371814217DE33A004FE349 /* QiGames.app */;
			productType = "com.apple.product-type.application";
		};
/* End PBXNativeTarget section */

/* Begin PBXProject section */
		0637180C217DE33A004FE349 /* Project object */ = {
			isa = PBXProject;
			attributes = {
				LastUpgradeCheck = 1000;
				ORGANIZATIONNAME = 360.cn;
				TargetAttributes = {
					06371813217DE33A004FE349 = {
						CreatedOnToolsVersion = 10.0;
					};
				};
			};
			buildConfigurationList = 0637180F217DE33A004FE349 /* Build configuration list for PBXProject "QiGames" */;
			compatibilityVersion = "Xcode 9.3";
			developmentRegion = en;
			hasScannedForEncodings = 0;
			knownRegions = (
				en,
				Base,
			);
			mainGroup = 0637180B217DE33A004FE349;
			productRefGroup = 06371815217DE33A004FE349 /* Products */;
			projectDirPath = "";
			projectRoot = "";
			targets = (
				06371813217DE33A004FE349 /* QiGames */,
			);
		};
/* End PBXProject section */

/* Begin PBXResourcesBuildPhase section */
		06371812217DE33A004FE349 /* Resources */ = {
			isa = PBXResourcesBuildPhase;
			buildActionMask = 2147483647;
			files = (
				06371824217DE33D004FE349 /* LaunchScreen.storyboard in Resources */,
				0665FC622180183A0036C5C1 /* QiCalculate.storyboard in Resources */,
				06371821217DE33D004FE349 /* Assets.xcassets in Resources */,
				0637181F217DE33A004FE349 /* Main.storyboard in Resources */,
			);
			runOnlyForDeploymentPostprocessing = 0;
		};
/* End PBXResourcesBuildPhase section */

/* Begin PBXSourcesBuildPhase section */
		06371810217DE33A004FE349 /* Sources */ = {
			isa = PBXSourcesBuildPhase;
			buildActionMask = 2147483647;
			files = (
				0637181C217DE33A004FE349 /* ViewController.m in Sources */,
				06371827217DE33D004FE349 /* main.m in Sources */,
				061E271D217F0C53003595D6 /* QiCalculateViewController.m in Sources */,
				06371819217DE33A004FE349 /* AppDelegate.m in Sources */,
				0665FC65218022180036C5C1 /* QiGuessWords.m in Sources */,
			);
			runOnlyForDeploymentPostprocessing = 0;
		};
/* End PBXSourcesBuildPhase section */

/* Begin PBXVariantGroup section */
		0637181D217DE33A004FE349 /* Main.storyboard */ = {
			isa = PBXVariantGroup;
			children = (
				0637181E217DE33A004FE349 /* Base */,
			);
			name = Main.storyboard;
			sourceTree = "<group>";
		};
		06371822217DE33D004FE349 /* LaunchScreen.storyboard */ = {
			isa = PBXVariantGroup;
			children = (
				06371823217DE33D004FE349 /* Base */,
			);
			name = LaunchScreen.storyboard;
			sourceTree = "<group>";
		};
		0665FC602180183A0036C5C1 /* QiCalculate.storyboard */ = {
			isa = PBXVariantGroup;
			children = (
				0665FC612180183A0036C5C1 /* Base */,
			);
			name = QiCalculate.storyboard;
			sourceTree = "<group>";
		};
/* End PBXVariantGroup section */

/* Begin XCBuildConfiguration section */
		06371828217DE33D004FE349 /* Debug */ = {
			isa = XCBuildConfiguration;
			buildSettings = {
				ALWAYS_SEARCH_USER_PATHS = NO;
				CLANG_ANALYZER_NONNULL = YES;
				CLANG_ANALYZER_NUMBER_OBJECT_CONVERSION = YES_AGGRESSIVE;
				CLANG_CXX_LANGUAGE_STANDARD = "gnu++14";
				CLANG_CXX_LIBRARY = "libc++";
				CLANG_ENABLE_MODULES = YES;
				CLANG_ENABLE_OBJC_ARC = YES;
				CLANG_ENABLE_OBJC_WEAK = YES;
				CLANG_WARN_BLOCK_CAPTURE_AUTORELEASING = YES;
				CLANG_WARN_BOOL_CONVERSION = YES;
				CLANG_WARN_COMMA = YES;
				CLANG_WARN_CONSTANT_CONVERSION = YES;
				CLANG_WARN_DEPRECATED_OBJC_IMPLEMENTATIONS = YES;
				CLANG_WARN_DIRECT_OBJC_ISA_USAGE = YES_ERROR;
				CLANG_WARN_DOCUMENTATION_COMMENTS = YES;
				CLANG_WARN_EMPTY_BODY = YES;
				CLANG_WARN_ENUM_CONVERSION = YES;
				CLANG_WARN_INFINITE_RECURSION = YES;
				CLANG_WARN_INT_CONVERSION = YES;
				CLANG_WARN_NON_LITERAL_NULL_CONVERSION = YES;
				CLANG_WARN_OBJC_IMPLICIT_RETAIN_SELF = YES;
				CLANG_WARN_OBJC_LITERAL_CONVERSION = YES;
				CLANG_WARN_OBJC_ROOT_CLASS = YES_ERROR;
				CLANG_WARN_RANGE_LOOP_ANALYSIS = YES;
				CLANG_WARN_STRICT_PROTOTYPES = YES;
				CLANG_WARN_SUSPICIOUS_MOVE = YES;
				CLANG_WARN_UNGUARDED_AVAILABILITY = YES_AGGRESSIVE;
				CLANG_WARN_UNREACHABLE_CODE = YES;
				CLANG_WARN__DUPLICATE_METHOD_MATCH = YES;
				CODE_SIGN_IDENTITY = "iPhone Developer";
				COPY_PHASE_STRIP = NO;
				DEBUG_INFORMATION_FORMAT = dwarf;
				ENABLE_STRICT_OBJC_MSGSEND = YES;
				ENABLE_TESTABILITY = YES;
				GCC_C_LANGUAGE_STANDARD = gnu11;
				GCC_DYNAMIC_NO_PIC = NO;
				GCC_NO_COMMON_BLOCKS = YES;
				GCC_OPTIMIZATION_LEVEL = 0;
				GCC_PREPROCESSOR_DEFINITIONS = (
					"DEBUG=1",
					"$(inherited)",
				);
				GCC_WARN_64_TO_32_BIT_CONVERSION = YES;
				GCC_WARN_ABOUT_RETURN_TYPE = YES_ERROR;
				GCC_WARN_UNDECLARED_SELECTOR = YES;
				GCC_WARN_UNINITIALIZED_AUTOS = YES_AGGRESSIVE;
				GCC_WARN_UNUSED_FUNCTION = YES;
				GCC_WARN_UNUSED_VARIABLE = YES;
				IPHONEOS_DEPLOYMENT_TARGET = 12.0;
				MTL_ENABLE_DEBUG_INFO = INCLUDE_SOURCE;
				MTL_FAST_MATH = YES;
				ONLY_ACTIVE_ARCH = YES;
				SDKROOT = iphoneos;
			};
			name = Debug;
		};
		06371829217DE33D004FE349 /* Release */ = {
			isa = XCBuildConfiguration;
			buildSettings = {
				ALWAYS_SEARCH_USER_PATHS = NO;
				CLANG_ANALYZER_NONNULL = YES;
				CLANG_ANALYZER_NUMBER_OBJECT_CONVERSION = YES_AGGRESSIVE;
				CLANG_CXX_LANGUAGE_STANDARD = "gnu++14";
				CLANG_CXX_LIBRARY = "libc++";
				CLANG_ENABLE_MODULES = YES;
				CLANG_ENABLE_OBJC_ARC = YES;
				CLANG_ENABLE_OBJC_WEAK = YES;
				CLANG_WARN_BLOCK_CAPTURE_AUTORELEASING = YES;
				CLANG_WARN_BOOL_CONVERSION = YES;
				CLANG_WARN_COMMA = YES;
				CLANG_WARN_CONSTANT_CONVERSION = YES;
				CLANG_WARN_DEPRECATED_OBJC_IMPLEMENTATIONS = YES;
				CLANG_WARN_DIRECT_OBJC_ISA_USAGE = YES_ERROR;
				CLANG_WARN_DOCUMENTATION_COMMENTS = YES;
				CLANG_WARN_EMPTY_BODY = YES;
				CLANG_WARN_ENUM_CONVERSION = YES;
				CLANG_WARN_INFINITE_RECURSION = YES;
				CLANG_WARN_INT_CONVERSION = YES;
				CLANG_WARN_NON_LITERAL_NULL_CONVERSION = YES;
				CLANG_WARN_OBJC_IMPLICIT_RETAIN_SELF = YES;
				CLANG_WARN_OBJC_LITERAL_CONVERSION = YES;
				CLANG_WARN_OBJC_ROOT_CLASS = YES_ERROR;
				CLANG_WARN_RANGE_LOOP_ANALYSIS = YES;
				CLANG_WARN_STRICT_PROTOTYPES = YES;
				CLANG_WARN_SUSPICIOUS_MOVE = YES;
				CLANG_WARN_UNGUARDED_AVAILABILITY = YES_AGGRESSIVE;
				CLANG_WARN_UNREACHABLE_CODE = YES;
				CLANG_WARN__DUPLICATE_METHOD_MATCH = YES;
				CODE_SIGN_IDENTITY = "iPhone Developer";
				COPY_PHASE_STRIP = NO;
				DEBUG_INFORMATION_FORMAT = "dwarf-with-dsym";
				ENABLE_NS_ASSERTIONS = NO;
				ENABLE_STRICT_OBJC_MSGSEND = YES;
				GCC_C_LANGUAGE_STANDARD = gnu11;
				GCC_NO_COMMON_BLOCKS = YES;
				GCC_WARN_64_TO_32_BIT_CONVERSION = YES;
				GCC_WARN_ABOUT_RETURN_TYPE = YES_ERROR;
				GCC_WARN_UNDECLARED_SELECTOR = YES;
				GCC_WARN_UNINITIALIZED_AUTOS = YES_AGGRESSIVE;
				GCC_WARN_UNUSED_FUNCTION = YES;
				GCC_WARN_UNUSED_VARIABLE = YES;
				IPHONEOS_DEPLOYMENT_TARGET = 12.0;
				MTL_ENABLE_DEBUG_INFO = NO;
				MTL_FAST_MATH = YES;
				SDKROOT = iphoneos;
				VALIDATE_PRODUCT = YES;
			};
			name = Release;
		};
		0637182B217DE33D004FE349 /* Debug */ = {
			isa = XCBuildConfiguration;
			buildSettings = {
				ASSETCATALOG_COMPILER_APPICON_NAME = AppIcon;
				CODE_SIGN_STYLE = Automatic;
				INFOPLIST_FILE = QiGames/Info.plist;
				LD_RUNPATH_SEARCH_PATHS = (
					"$(inherited)",
					"@executable_path/Frameworks",
				);
				PRODUCT_BUNDLE_IDENTIFIER = net.qihoo.iot.QiGames;
				PRODUCT_NAME = "$(TARGET_NAME)";
				TARGETED_DEVICE_FAMILY = "1,2";
			};
			name = Debug;
		};
		0637182C217DE33D004FE349 /* Release */ = {
			isa = XCBuildConfiguration;
			buildSettings = {
				ASSETCATALOG_COMPILER_APPICON_NAME = AppIcon;
				CODE_SIGN_STYLE = Automatic;
				INFOPLIST_FILE = QiGames/Info.plist;
				LD_RUNPATH_SEARCH_PATHS = (
					"$(inherited)",
					"@executable_path/Frameworks",
				);
				PRODUCT_BUNDLE_IDENTIFIER = net.qihoo.iot.QiGames;
				PRODUCT_NAME = "$(TARGET_NAME)";
				TARGETED_DEVICE_FAMILY = "1,2";
			};
			name = Release;
		};
/* End XCBuildConfiguration section */

/* Begin XCConfigurationList section */
		0637180F217DE33A004FE349 /* Build configuration list for PBXProject "QiGames" */ = {
			isa = XCConfigurationList;
			buildConfigurations = (
				06371828217DE33D004FE349 /* Debug */,
				06371829217DE33D004FE349 /* Release */,
			);
			defaultConfigurationIsVisible = 0;
			defaultConfigurationName = Release;
		};
		0637182A217DE33D004FE349 /* Build configuration list for PBXNativeTarget "QiGames" */ = {
			isa = XCConfigurationList;
			buildConfigurations = (
				0637182B217DE33D004FE349 /* Debug */,
				0637182C217DE33D004FE349 /* Release */,
			);
			defaultConfigurationIsVisible = 0;
			defaultConfigurationName = Release;
		};
/* End XCConfigurationList section */
	};
	rootObject = 0637180C217DE33A004FE349 /* Project object */;
}
